// !$*UTF8*$!
{
	archiveVersion = 1;
	classes = {
	};
	objectVersion = 50;
	objects = {

/* Begin PBXBuildFile section */
		4301FD75225CEB07007B861C /* Solace.framework in Frameworks */ = {isa = PBXBuildFile; fileRef = 4301FD6B225CEB07007B861C /* Solace.framework */; };
		4301FD7A225CEB07007B861C /* SolaceTests.swift in Sources */ = {isa = PBXBuildFile; fileRef = 4301FD79225CEB07007B861C /* SolaceTests.swift */; };
		4301FD7C225CEB07007B861C /* Solace.h in Headers */ = {isa = PBXBuildFile; fileRef = 4301FD6E225CEB07007B861C /* Solace.h */; settings = {ATTRIBUTES = (Public, ); }; };
		4301FDA9225CF042007B861C /* Solace.swift in Sources */ = {isa = PBXBuildFile; fileRef = 4301FDA8225CF042007B861C /* Solace.swift */; };
		4301FDAA225CF042007B861C /* Solace.swift in Sources */ = {isa = PBXBuildFile; fileRef = 4301FDA8225CF042007B861C /* Solace.swift */; };
		4301FDAC225CF0E0007B861C /* FileInterceptor.swift in Sources */ = {isa = PBXBuildFile; fileRef = 4301FDAB225CF0E0007B861C /* FileInterceptor.swift */; };
		4301FDAD225CF0E0007B861C /* FileInterceptor.swift in Sources */ = {isa = PBXBuildFile; fileRef = 4301FDAB225CF0E0007B861C /* FileInterceptor.swift */; };
		4301FDAF225CFF43007B861C /* Logger.swift in Sources */ = {isa = PBXBuildFile; fileRef = 4301FDAE225CFF43007B861C /* Logger.swift */; };
		4301FDB0225CFF43007B861C /* Logger.swift in Sources */ = {isa = PBXBuildFile; fileRef = 4301FDAE225CFF43007B861C /* Logger.swift */; };
		438C7AFE226776340081FEF5 /* ConsoleViewController.swift in Sources */ = {isa = PBXBuildFile; fileRef = 438C7AFD226776340081FEF5 /* ConsoleViewController.swift */; };
		438C7AFF226777710081FEF5 /* ConsoleViewController.swift in Sources */ = {isa = PBXBuildFile; fileRef = 438C7AFD226776340081FEF5 /* ConsoleViewController.swift */; };
		438C7B0122677AF70081FEF5 /* ConsoleView.swift in Sources */ = {isa = PBXBuildFile; fileRef = 438C7B0022677AF70081FEF5 /* ConsoleView.swift */; };
		438C7B0222677AF70081FEF5 /* ConsoleView.swift in Sources */ = {isa = PBXBuildFile; fileRef = 438C7B0022677AF70081FEF5 /* ConsoleView.swift */; };
		43C353232264C96100D8CB82 /* MainWindow.swift in Sources */ = {isa = PBXBuildFile; fileRef = 43C353222264C96100D8CB82 /* MainWindow.swift */; };
		43C353242264CA9D00D8CB82 /* MainWindow.swift in Sources */ = {isa = PBXBuildFile; fileRef = 43C353222264C96100D8CB82 /* MainWindow.swift */; };
		43C353262264CC2B00D8CB82 /* MainViewController.swift in Sources */ = {isa = PBXBuildFile; fileRef = 43C353252264CC2B00D8CB82 /* MainViewController.swift */; };
		43C353272264CC2B00D8CB82 /* MainViewController.swift in Sources */ = {isa = PBXBuildFile; fileRef = 43C353252264CC2B00D8CB82 /* MainViewController.swift */; };
/* End PBXBuildFile section */

/* Begin PBXContainerItemProxy section */
		4301FD76225CEB07007B861C /* PBXContainerItemProxy */ = {
			isa = PBXContainerItemProxy;
			containerPortal = 4301FD62225CEB07007B861C /* Project object */;
			proxyType = 1;
			remoteGlobalIDString = 4301FD6A225CEB07007B861C;
			remoteInfo = Solace;
		};
/* End PBXContainerItemProxy section */

/* Begin PBXFileReference section */
		4301FD6B225CEB07007B861C /* Solace.framework */ = {isa = PBXFileReference; explicitFileType = wrapper.framework; includeInIndex = 0; path = Solace.framework; sourceTree = BUILT_PRODUCTS_DIR; };
		4301FD6E225CEB07007B861C /* Solace.h */ = {isa = PBXFileReference; lastKnownFileType = sourcecode.c.h; path = Solace.h; sourceTree = "<group>"; };
		4301FD6F225CEB07007B861C /* Info.plist */ = {isa = PBXFileReference; lastKnownFileType = text.plist.xml; path = Info.plist; sourceTree = "<group>"; };
		4301FD74225CEB07007B861C /* SolaceTests.xctest */ = {isa = PBXFileReference; explicitFileType = wrapper.cfbundle; includeInIndex = 0; path = SolaceTests.xctest; sourceTree = BUILT_PRODUCTS_DIR; };
		4301FD79225CEB07007B861C /* SolaceTests.swift */ = {isa = PBXFileReference; lastKnownFileType = sourcecode.swift; path = SolaceTests.swift; sourceTree = "<group>"; };
		4301FD7B225CEB07007B861C /* Info.plist */ = {isa = PBXFileReference; lastKnownFileType = text.plist.xml; path = Info.plist; sourceTree = "<group>"; };
		4301FDA8225CF042007B861C /* Solace.swift */ = {isa = PBXFileReference; lastKnownFileType = sourcecode.swift; path = Solace.swift; sourceTree = "<group>"; };
		4301FDAB225CF0E0007B861C /* FileInterceptor.swift */ = {isa = PBXFileReference; fileEncoding = 4; lastKnownFileType = sourcecode.swift; path = FileInterceptor.swift; sourceTree = "<group>"; };
		4301FDAE225CFF43007B861C /* Logger.swift */ = {isa = PBXFileReference; lastKnownFileType = sourcecode.swift; path = Logger.swift; sourceTree = "<group>"; };
		438C7AFD226776340081FEF5 /* ConsoleViewController.swift */ = {isa = PBXFileReference; fileEncoding = 4; lastKnownFileType = sourcecode.swift; path = ConsoleViewController.swift; sourceTree = "<group>"; };
		438C7B0022677AF70081FEF5 /* ConsoleView.swift */ = {isa = PBXFileReference; lastKnownFileType = sourcecode.swift; path = ConsoleView.swift; sourceTree = "<group>"; };
		43C353222264C96100D8CB82 /* MainWindow.swift */ = {isa = PBXFileReference; lastKnownFileType = sourcecode.swift; path = MainWindow.swift; sourceTree = "<group>"; };
		43C353252264CC2B00D8CB82 /* MainViewController.swift */ = {isa = PBXFileReference; lastKnownFileType = sourcecode.swift; path = MainViewController.swift; sourceTree = "<group>"; };
/* End PBXFileReference section */

/* Begin PBXFrameworksBuildPhase section */
		4301FD68225CEB07007B861C /* Frameworks */ = {
			isa = PBXFrameworksBuildPhase;
			buildActionMask = 2147483647;
			files = (
			);
			runOnlyForDeploymentPostprocessing = 0;
		};
		4301FD71225CEB07007B861C /* Frameworks */ = {
			isa = PBXFrameworksBuildPhase;
			buildActionMask = 2147483647;
			files = (
				4301FD75225CEB07007B861C /* Solace.framework in Frameworks */,
			);
			runOnlyForDeploymentPostprocessing = 0;
		};
/* End PBXFrameworksBuildPhase section */

/* Begin PBXGroup section */
		4301FD61225CEB07007B861C = {
			isa = PBXGroup;
			children = (
				4301FD85225CEB2E007B861C /* Sources */,
				4301FD86225CEB38007B861C /* Tests */,
				4301FD6C225CEB07007B861C /* Products */,
			);
			sourceTree = "<group>";
		};
		4301FD6C225CEB07007B861C /* Products */ = {
			isa = PBXGroup;
			children = (
				4301FD6B225CEB07007B861C /* Solace.framework */,
				4301FD74225CEB07007B861C /* SolaceTests.xctest */,
			);
			name = Products;
			sourceTree = "<group>";
		};
		4301FD6D225CEB07007B861C /* Solace */ = {
			isa = PBXGroup;
			children = (
				4301FD6E225CEB07007B861C /* Solace.h */,
				4301FD6F225CEB07007B861C /* Info.plist */,
				438C7B0022677AF70081FEF5 /* ConsoleView.swift */,
				438C7AFD226776340081FEF5 /* ConsoleViewController.swift */,
				4301FDAB225CF0E0007B861C /* FileInterceptor.swift */,
				4301FDAE225CFF43007B861C /* Logger.swift */,
				43C353252264CC2B00D8CB82 /* MainViewController.swift */,
				43C353222264C96100D8CB82 /* MainWindow.swift */,
				4301FDA8225CF042007B861C /* Solace.swift */,
			);
			path = Solace;
			sourceTree = "<group>";
		};
		4301FD78225CEB07007B861C /* SolaceTests */ = {
			isa = PBXGroup;
			children = (
				4301FD79225CEB07007B861C /* SolaceTests.swift */,
				4301FD7B225CEB07007B861C /* Info.plist */,
			);
			path = SolaceTests;
			sourceTree = "<group>";
		};
		4301FD85225CEB2E007B861C /* Sources */ = {
			isa = PBXGroup;
			children = (
				4301FD6D225CEB07007B861C /* Solace */,
			);
			path = Sources;
			sourceTree = "<group>";
		};
		4301FD86225CEB38007B861C /* Tests */ = {
			isa = PBXGroup;
			children = (
				4301FD78225CEB07007B861C /* SolaceTests */,
			);
			path = Tests;
			sourceTree = "<group>";
		};
/* End PBXGroup section */

/* Begin PBXHeadersBuildPhase section */
		4301FD66225CEB07007B861C /* Headers */ = {
			isa = PBXHeadersBuildPhase;
			buildActionMask = 2147483647;
			files = (
				4301FD7C225CEB07007B861C /* Solace.h in Headers */,
			);
			runOnlyForDeploymentPostprocessing = 0;
		};
/* End PBXHeadersBuildPhase section */

/* Begin PBXNativeTarget section */
		4301FD6A225CEB07007B861C /* Solace */ = {
			isa = PBXNativeTarget;
			buildConfigurationList = 4301FD7F225CEB07007B861C /* Build configuration list for PBXNativeTarget "Solace" */;
			buildPhases = (
				4301FD66225CEB07007B861C /* Headers */,
				4301FD67225CEB07007B861C /* Sources */,
				4301FD68225CEB07007B861C /* Frameworks */,
				4301FD69225CEB07007B861C /* Resources */,
				43AAF27422F9C4BA002ED534 /* SwiftFormat */,
				43AAF27622F9C623002ED534 /* SwiftLint */,
			);
			buildRules = (
			);
			dependencies = (
			);
			name = Solace;
			productName = Solace;
			productReference = 4301FD6B225CEB07007B861C /* Solace.framework */;
			productType = "com.apple.product-type.framework";
		};
		4301FD73225CEB07007B861C /* SolaceTests */ = {
			isa = PBXNativeTarget;
			buildConfigurationList = 4301FD82225CEB07007B861C /* Build configuration list for PBXNativeTarget "SolaceTests" */;
			buildPhases = (
				4301FD70225CEB07007B861C /* Sources */,
				4301FD71225CEB07007B861C /* Frameworks */,
				4301FD72225CEB07007B861C /* Resources */,
			);
			buildRules = (
			);
			dependencies = (
				4301FD77225CEB07007B861C /* PBXTargetDependency */,
			);
			name = SolaceTests;
			productName = SolaceTests;
			productReference = 4301FD74225CEB07007B861C /* SolaceTests.xctest */;
			productType = "com.apple.product-type.bundle.unit-test";
		};
/* End PBXNativeTarget section */

/* Begin PBXProject section */
		4301FD62225CEB07007B861C /* Project object */ = {
			isa = PBXProject;
			attributes = {
				LastSwiftUpdateCheck = 1020;
				LastUpgradeCheck = 1020;
				ORGANIZATIONNAME = woxtu;
				TargetAttributes = {
					4301FD6A225CEB07007B861C = {
						CreatedOnToolsVersion = 10.2;
						LastSwiftMigration = 1020;
					};
					4301FD73225CEB07007B861C = {
						CreatedOnToolsVersion = 10.2;
					};
				};
			};
			buildConfigurationList = 4301FD65225CEB07007B861C /* Build configuration list for PBXProject "Solace" */;
			compatibilityVersion = "Xcode 9.3";
			developmentRegion = en;
			hasScannedForEncodings = 0;
			knownRegions = (
				en,
			);
			mainGroup = 4301FD61225CEB07007B861C;
			productRefGroup = 4301FD6C225CEB07007B861C /* Products */;
			projectDirPath = "";
			projectRoot = "";
			targets = (
				4301FD6A225CEB07007B861C /* Solace */,
				4301FD73225CEB07007B861C /* SolaceTests */,
			);
		};
/* End PBXProject section */

/* Begin PBXResourcesBuildPhase section */
		4301FD69225CEB07007B861C /* Resources */ = {
			isa = PBXResourcesBuildPhase;
			buildActionMask = 2147483647;
			files = (
			);
			runOnlyForDeploymentPostprocessing = 0;
		};
		4301FD72225CEB07007B861C /* Resources */ = {
			isa = PBXResourcesBuildPhase;
			buildActionMask = 2147483647;
			files = (
			);
			runOnlyForDeploymentPostprocessing = 0;
		};
/* End PBXResourcesBuildPhase section */

/* Begin PBXShellScriptBuildPhase section */
		43AAF27422F9C4BA002ED534 /* SwiftFormat */ = {
			isa = PBXShellScriptBuildPhase;
			buildActionMask = 2147483647;
			files = (
			);
			inputFileListPaths = (
			);
			inputPaths = (
			);
			name = SwiftFormat;
			outputFileListPaths = (
			);
			outputPaths = (
			);
			runOnlyForDeploymentPostprocessing = 0;
			shellPath = /bin/sh;
			shellScript = "if which swiftformat >/dev/null; then\n  swiftformat . --swiftversion 5.0 --stripunusedargs closure-only\nelse\n  echo \"warning: SwiftFormat not installed, download from https://github.com/nicklockwood/SwiftFormat\"\nfi\n";
		};
		43AAF27622F9C623002ED534 /* SwiftLint */ = {
			isa = PBXShellScriptBuildPhase;
			buildActionMask = 2147483647;
			files = (
			);
			inputFileListPaths = (
			);
			inputPaths = (
			);
			name = SwiftLint;
			outputFileListPaths = (
			);
			outputPaths = (
			);
			runOnlyForDeploymentPostprocessing = 0;
			shellPath = /bin/sh;
			shellScript = "if which swiftlint >/dev/null; then\n  swiftlint\nelse\n  echo \"warning: SwiftLint not installed, download from https://github.com/realm/SwiftLint\"\nfi\n";
		};
/* End PBXShellScriptBuildPhase section */

/* Begin PBXSourcesBuildPhase section */
		4301FD67225CEB07007B861C /* Sources */ = {
			isa = PBXSourcesBuildPhase;
			buildActionMask = 2147483647;
			files = (
				438C7AFE226776340081FEF5 /* ConsoleViewController.swift in Sources */,
				43C353232264C96100D8CB82 /* MainWindow.swift in Sources */,
				4301FDA9225CF042007B861C /* Solace.swift in Sources */,
				4301FDAC225CF0E0007B861C /* FileInterceptor.swift in Sources */,
				438C7B0122677AF70081FEF5 /* ConsoleView.swift in Sources */,
				4301FDAF225CFF43007B861C /* Logger.swift in Sources */,
				43C353262264CC2B00D8CB82 /* MainViewController.swift in Sources */,
			);
			runOnlyForDeploymentPostprocessing = 0;
		};
		4301FD70225CEB07007B861C /* Sources */ = {
			isa = PBXSourcesBuildPhase;
			buildActionMask = 2147483647;
			files = (
				4301FDAA225CF042007B861C /* Solace.swift in Sources */,
				4301FD7A225CEB07007B861C /* SolaceTests.swift in Sources */,
				438C7B0222677AF70081FEF5 /* ConsoleView.swift in Sources */,
				43C353242264CA9D00D8CB82 /* MainWindow.swift in Sources */,
				43C353272264CC2B00D8CB82 /* MainViewController.swift in Sources */,
				438C7AFF226777710081FEF5 /* ConsoleViewController.swift in Sources */,
				4301FDB0225CFF43007B861C /* Logger.swift in Sources */,
				4301FDAD225CF0E0007B861C /* FileInterceptor.swift in Sources */,
			);
			runOnlyForDeploymentPostprocessing = 0;
		};
/* End PBXSourcesBuildPhase section */

/* Begin PBXTargetDependency section */
		4301FD77225CEB07007B861C /* PBXTargetDependency */ = {
			isa = PBXTargetDependency;
			target = 4301FD6A225CEB07007B861C /* Solace */;
			targetProxy = 4301FD76225CEB07007B861C /* PBXContainerItemProxy */;
		};
/* End PBXTargetDependency section */

/* Begin XCBuildConfiguration section */
		4301FD7D225CEB07007B861C /* Debug */ = {
			isa = XCBuildConfiguration;
			buildSettings = {
				ALWAYS_SEARCH_USER_PATHS = NO;
				CLANG_ANALYZER_NONNULL = YES;
				CLANG_ANALYZER_NUMBER_OBJECT_CONVERSION = YES_AGGRESSIVE;
				CLANG_CXX_LANGUAGE_STANDARD = "gnu++14";
				CLANG_CXX_LIBRARY = "libc++";
				CLANG_ENABLE_MODULES = YES;
				CLANG_ENABLE_OBJC_ARC = YES;
				CLANG_ENABLE_OBJC_WEAK = YES;
				CLANG_WARN_BLOCK_CAPTURE_AUTORELEASING = YES;
				CLANG_WARN_BOOL_CONVERSION = YES;
				CLANG_WARN_COMMA = YES;
				CLANG_WARN_CONSTANT_CONVERSION = YES;
				CLANG_WARN_DEPRECATED_OBJC_IMPLEMENTATIONS = YES;
				CLANG_WARN_DIRECT_OBJC_ISA_USAGE = YES_ERROR;
				CLANG_WARN_DOCUMENTATION_COMMENTS = YES;
				CLANG_WARN_EMPTY_BODY = YES;
				CLANG_WARN_ENUM_CONVERSION = YES;
				CLANG_WARN_INFINITE_RECURSION = YES;
				CLANG_WARN_INT_CONVERSION = YES;
				CLANG_WARN_NON_LITERAL_NULL_CONVERSION = YES;
				CLANG_WARN_OBJC_IMPLICIT_RETAIN_SELF = YES;
				CLANG_WARN_OBJC_LITERAL_CONVERSION = YES;
				CLANG_WARN_OBJC_ROOT_CLASS = YES_ERROR;
				CLANG_WARN_RANGE_LOOP_ANALYSIS = YES;
				CLANG_WARN_STRICT_PROTOTYPES = YES;
				CLANG_WARN_SUSPICIOUS_MOVE = YES;
				CLANG_WARN_UNGUARDED_AVAILABILITY = YES_AGGRESSIVE;
				CLANG_WARN_UNREACHABLE_CODE = YES;
				CLANG_WARN__DUPLICATE_METHOD_MATCH = YES;
				CODE_SIGN_IDENTITY = "iPhone Developer";
				COPY_PHASE_STRIP = NO;
				CURRENT_PROJECT_VERSION = 1;
				DEBUG_INFORMATION_FORMAT = dwarf;
				ENABLE_STRICT_OBJC_MSGSEND = YES;
				ENABLE_TESTABILITY = YES;
				GCC_C_LANGUAGE_STANDARD = gnu11;
				GCC_DYNAMIC_NO_PIC = NO;
				GCC_NO_COMMON_BLOCKS = YES;
				GCC_OPTIMIZATION_LEVEL = 0;
				GCC_PREPROCESSOR_DEFINITIONS = (
					"DEBUG=1",
					"$(inherited)",
				);
				GCC_WARN_64_TO_32_BIT_CONVERSION = YES;
				GCC_WARN_ABOUT_RETURN_TYPE = YES_ERROR;
				GCC_WARN_UNDECLARED_SELECTOR = YES;
				GCC_WARN_UNINITIALIZED_AUTOS = YES_AGGRESSIVE;
				GCC_WARN_UNUSED_FUNCTION = YES;
				GCC_WARN_UNUSED_VARIABLE = YES;
				IPHONEOS_DEPLOYMENT_TARGET = 12.2;
				MTL_ENABLE_DEBUG_INFO = INCLUDE_SOURCE;
				MTL_FAST_MATH = YES;
				ONLY_ACTIVE_ARCH = YES;
				SDKROOT = iphoneos;
				SWIFT_ACTIVE_COMPILATION_CONDITIONS = DEBUG;
				SWIFT_OPTIMIZATION_LEVEL = "-Onone";
				VERSIONING_SYSTEM = "apple-generic";
				VERSION_INFO_PREFIX = "";
			};
			name = Debug;
		};
		4301FD7E225CEB07007B861C /* Release */ = {
			isa = XCBuildConfiguration;
			buildSettings = {
				ALWAYS_SEARCH_USER_PATHS = NO;
				CLANG_ANALYZER_NONNULL = YES;
				CLANG_ANALYZER_NUMBER_OBJECT_CONVERSION = YES_AGGRESSIVE;
				CLANG_CXX_LANGUAGE_STANDARD = "gnu++14";
				CLANG_CXX_LIBRARY = "libc++";
				CLANG_ENABLE_MODULES = YES;
				CLANG_ENABLE_OBJC_ARC = YES;
				CLANG_ENABLE_OBJC_WEAK = YES;
				CLANG_WARN_BLOCK_CAPTURE_AUTORELEASING = YES;
				CLANG_WARN_BOOL_CONVERSION = YES;
				CLANG_WARN_COMMA = YES;
				CLANG_WARN_CONSTANT_CONVERSION = YES;
				CLANG_WARN_DEPRECATED_OBJC_IMPLEMENTATIONS = YES;
				CLANG_WARN_DIRECT_OBJC_ISA_USAGE = YES_ERROR;
				CLANG_WARN_DOCUMENTATION_COMMENTS = YES;
				CLANG_WARN_EMPTY_BODY = YES;
				CLANG_WARN_ENUM_CONVERSION = YES;
				CLANG_WARN_INFINITE_RECURSION = YES;
				CLANG_WARN_INT_CONVERSION = YES;
				CLANG_WARN_NON_LITERAL_NULL_CONVERSION = YES;
				CLANG_WARN_OBJC_IMPLICIT_RETAIN_SELF = YES;
				CLANG_WARN_OBJC_LITERAL_CONVERSION = YES;
				CLANG_WARN_OBJC_ROOT_CLASS = YES_ERROR;
				CLANG_WARN_RANGE_LOOP_ANALYSIS = YES;
				CLANG_WARN_STRICT_PROTOTYPES = YES;
				CLANG_WARN_SUSPICIOUS_MOVE = YES;
				CLANG_WARN_UNGUARDED_AVAILABILITY = YES_AGGRESSIVE;
				CLANG_WARN_UNREACHABLE_CODE = YES;
				CLANG_WARN__DUPLICATE_METHOD_MATCH = YES;
				CODE_SIGN_IDENTITY = "iPhone Developer";
				COPY_PHASE_STRIP = NO;
				CURRENT_PROJECT_VERSION = 1;
				DEBUG_INFORMATION_FORMAT = "dwarf-with-dsym";
				ENABLE_NS_ASSERTIONS = NO;
				ENABLE_STRICT_OBJC_MSGSEND = YES;
				GCC_C_LANGUAGE_STANDARD = gnu11;
				GCC_NO_COMMON_BLOCKS = YES;
				GCC_WARN_64_TO_32_BIT_CONVERSION = YES;
				GCC_WARN_ABOUT_RETURN_TYPE = YES_ERROR;
				GCC_WARN_UNDECLARED_SELECTOR = YES;
				GCC_WARN_UNINITIALIZED_AUTOS = YES_AGGRESSIVE;
				GCC_WARN_UNUSED_FUNCTION = YES;
				GCC_WARN_UNUSED_VARIABLE = YES;
				IPHONEOS_DEPLOYMENT_TARGET = 12.2;
				MTL_ENABLE_DEBUG_INFO = NO;
				MTL_FAST_MATH = YES;
				SDKROOT = iphoneos;
				SWIFT_COMPILATION_MODE = wholemodule;
				SWIFT_OPTIMIZATION_LEVEL = "-O";
				VALIDATE_PRODUCT = YES;
				VERSIONING_SYSTEM = "apple-generic";
				VERSION_INFO_PREFIX = "";
			};
			name = Release;
		};
		4301FD80225CEB07007B861C /* Debug */ = {
			isa = XCBuildConfiguration;
			buildSettings = {
				CLANG_ENABLE_MODULES = YES;
				CODE_SIGN_IDENTITY = "";
				CODE_SIGN_STYLE = Automatic;
				DEFINES_MODULE = YES;
				DYLIB_COMPATIBILITY_VERSION = 1;
				DYLIB_CURRENT_VERSION = 1;
				DYLIB_INSTALL_NAME_BASE = "@rpath";
				INFOPLIST_FILE = Sources/Solace/Info.plist;
				INSTALL_PATH = "$(LOCAL_LIBRARY_DIR)/Frameworks";
				IPHONEOS_DEPLOYMENT_TARGET = 10.0;
				LD_RUNPATH_SEARCH_PATHS = (
					"$(inherited)",
					"@executable_path/Frameworks",
					"@loader_path/Frameworks",
				);
				PRODUCT_BUNDLE_IDENTIFIER = woxtu.Solace;
				PRODUCT_NAME = "$(TARGET_NAME:c99extidentifier)";
				SKIP_INSTALL = YES;
				SWIFT_OPTIMIZATION_LEVEL = "-Onone";
				SWIFT_VERSION = 5.0;
				TARGETED_DEVICE_FAMILY = "1,2";
			};
			name = Debug;
		};
		4301FD81225CEB07007B861C /* Release */ = {
			isa = XCBuildConfiguration;
			buildSettings = {
				CLANG_ENABLE_MODULES = YES;
				CODE_SIGN_IDENTITY = "";
				CODE_SIGN_STYLE = Automatic;
				DEFINES_MODULE = YES;
				DYLIB_COMPATIBILITY_VERSION = 1;
				DYLIB_CURRENT_VERSION = 1;
				DYLIB_INSTALL_NAME_BASE = "@rpath";
				INFOPLIST_FILE = Sources/Solace/Info.plist;
				INSTALL_PATH = "$(LOCAL_LIBRARY_DIR)/Frameworks";
				IPHONEOS_DEPLOYMENT_TARGET = 10.0;
				LD_RUNPATH_SEARCH_PATHS = (
					"$(inherited)",
					"@executable_path/Frameworks",
					"@loader_path/Frameworks",
				);
				PRODUCT_BUNDLE_IDENTIFIER = woxtu.Solace;
				PRODUCT_NAME = "$(TARGET_NAME:c99extidentifier)";
				SKIP_INSTALL = YES;
				SWIFT_VERSION = 5.0;
				TARGETED_DEVICE_FAMILY = "1,2";
			};
			name = Release;
		};
		4301FD83225CEB07007B861C /* Debug */ = {
			isa = XCBuildConfiguration;
			buildSettings = {
				ALWAYS_EMBED_SWIFT_STANDARD_LIBRARIES = YES;
				CODE_SIGN_STYLE = Automatic;
				INFOPLIST_FILE = Tests/SolaceTests/Info.plist;
				LD_RUNPATH_SEARCH_PATHS = (
					"$(inherited)",
					"@executable_path/Frameworks",
					"@loader_path/Frameworks",
				);
				PRODUCT_BUNDLE_IDENTIFIER = woxtu.SolaceTests;
				PRODUCT_NAME = "$(TARGET_NAME)";
				SWIFT_VERSION = 5.0;
				TARGETED_DEVICE_FAMILY = "1,2";
			};
			name = Debug;
		};
		4301FD84225CEB07007B861C /* Release */ = {
			isa = XCBuildConfiguration;
			buildSettings = {
				ALWAYS_EMBED_SWIFT_STANDARD_LIBRARIES = YES;
				CODE_SIGN_STYLE = Automatic;
				INFOPLIST_FILE = Tests/SolaceTests/Info.plist;
				LD_RUNPATH_SEARCH_PATHS = (
					"$(inherited)",
					"@executable_path/Frameworks",
					"@loader_path/Frameworks",
				);
				PRODUCT_BUNDLE_IDENTIFIER = woxtu.SolaceTests;
				PRODUCT_NAME = "$(TARGET_NAME)";
				SWIFT_VERSION = 5.0;
				TARGETED_DEVICE_FAMILY = "1,2";
			};
			name = Release;
		};
/* End XCBuildConfiguration section */

/* Begin XCConfigurationList section */
		4301FD65225CEB07007B861C /* Build configuration list for PBXProject "Solace" */ = {
			isa = XCConfigurationList;
			buildConfigurations = (
				4301FD7D225CEB07007B861C /* Debug */,
				4301FD7E225CEB07007B861C /* Release */,
			);
			defaultConfigurationIsVisible = 0;
			defaultConfigurationName = Release;
		};
		4301FD7F225CEB07007B861C /* Build configuration list for PBXNativeTarget "Solace" */ = {
			isa = XCConfigurationList;
			buildConfigurations = (
				4301FD80225CEB07007B861C /* Debug */,
				4301FD81225CEB07007B861C /* Release */,
			);
			defaultConfigurationIsVisible = 0;
			defaultConfigurationName = Release;
		};
		4301FD82225CEB07007B861C /* Build configuration list for PBXNativeTarget "SolaceTests" */ = {
			isa = XCConfigurationList;
			buildConfigurations = (
				4301FD83225CEB07007B861C /* Debug */,
				4301FD84225CEB07007B861C /* Release */,
			);
			defaultConfigurationIsVisible = 0;
			defaultConfigurationName = Release;
		};
/* End XCConfigurationList section */
	};
	rootObject = 4301FD62225CEB07007B861C /* Project object */;
}
